// !$*UTF8*$!
{
	archiveVersion = 1;
	classes = {
	};
	objectVersion = 56;
	objects = {

/* Begin PBXBuildFile section */
		91128DBD29E34F1D00C1652D /* MathGame.swift in Sources */ = {isa = PBXBuildFile; fileRef = 91128DAD29E34F1D00C1652D /* MathGame.swift */; };
		91128DBE29E34F1D00C1652D /* Game.swift in Sources */ = {isa = PBXBuildFile; fileRef = 91128DAE29E34F1D00C1652D /* Game.swift */; };
		91128DBF29E34F1D00C1652D /* BombGame.swift in Sources */ = {isa = PBXBuildFile; fileRef = 91128DAF29E34F1D00C1652D /* BombGame.swift */; };
		91128DC029E34F1D00C1652D /* FlagGame.swift in Sources */ = {isa = PBXBuildFile; fileRef = 91128DB029E34F1D00C1652D /* FlagGame.swift */; };
		91128DC129E34F1D00C1652D /* StringColorsAndStyles.swift in Sources */ = {isa = PBXBuildFile; fileRef = 91128DB229E34F1D00C1652D /* StringColorsAndStyles.swift */; };
		91128DC229E34F1D00C1652D /* GameColor.swift in Sources */ = {isa = PBXBuildFile; fileRef = 91128DB429E34F1D00C1652D /* GameColor.swift */; };
		91128DC329E34F1D00C1652D /* GameController.swift in Sources */ = {isa = PBXBuildFile; fileRef = 91128DB729E34F1D00C1652D /* GameController.swift */; };
		91128DC429E34F1D00C1652D /* PrintExpensiveString.swift in Sources */ = {isa = PBXBuildFile; fileRef = 91128DBA29E34F1D00C1652D /* PrintExpensiveString.swift */; };
		91128DC529E34F1D00C1652D /* MessageView.swift in Sources */ = {isa = PBXBuildFile; fileRef = 91128DBB29E34F1D00C1652D /* MessageView.swift */; };
		91128DC629E34F1D00C1652D /* main.swift in Sources */ = {isa = PBXBuildFile; fileRef = 91128DBC29E34F1D00C1652D /* main.swift */; };
/* End PBXBuildFile section */

/* Begin PBXCopyFilesBuildPhase section */
		911AD52029E028CE005887FE /* CopyFiles */ = {
			isa = PBXCopyFilesBuildPhase;
			buildActionMask = 2147483647;
			dstPath = /usr/share/man/man1/;
			dstSubfolderSpec = 0;
			files = (
			);
			runOnlyForDeploymentPostprocessing = 1;
		};
/* End PBXCopyFilesBuildPhase section */

/* Begin PBXFileReference section */
		91128DAD29E34F1D00C1652D /* MathGame.swift */ = {isa = PBXFileReference; fileEncoding = 4; lastKnownFileType = sourcecode.swift; path = MathGame.swift; sourceTree = "<group>"; };
		91128DAE29E34F1D00C1652D /* Game.swift */ = {isa = PBXFileReference; fileEncoding = 4; lastKnownFileType = sourcecode.swift; path = Game.swift; sourceTree = "<group>"; };
		91128DAF29E34F1D00C1652D /* BombGame.swift */ = {isa = PBXFileReference; fileEncoding = 4; lastKnownFileType = sourcecode.swift; path = BombGame.swift; sourceTree = "<group>"; };
		91128DB029E34F1D00C1652D /* FlagGame.swift */ = {isa = PBXFileReference; fileEncoding = 4; lastKnownFileType = sourcecode.swift; path = FlagGame.swift; sourceTree = "<group>"; };
		91128DB229E34F1D00C1652D /* StringColorsAndStyles.swift */ = {isa = PBXFileReference; fileEncoding = 4; lastKnownFileType = sourcecode.swift; path = StringColorsAndStyles.swift; sourceTree = "<group>"; };
		91128DB429E34F1D00C1652D /* GameColor.swift */ = {isa = PBXFileReference; fileEncoding = 4; lastKnownFileType = sourcecode.swift; path = GameColor.swift; sourceTree = "<group>"; };
		91128DB729E34F1D00C1652D /* GameController.swift */ = {isa = PBXFileReference; fileEncoding = 4; lastKnownFileType = sourcecode.swift; path = GameController.swift; sourceTree = "<group>"; };
		91128DBA29E34F1D00C1652D /* PrintExpensiveString.swift */ = {isa = PBXFileReference; fileEncoding = 4; lastKnownFileType = sourcecode.swift; path = PrintExpensiveString.swift; sourceTree = "<group>"; };
		91128DBB29E34F1D00C1652D /* MessageView.swift */ = {isa = PBXFileReference; fileEncoding = 4; lastKnownFileType = sourcecode.swift; path = MessageView.swift; sourceTree = "<group>"; };
		91128DBC29E34F1D00C1652D /* main.swift */ = {isa = PBXFileReference; fileEncoding = 4; lastKnownFileType = sourcecode.swift; path = main.swift; sourceTree = "<group>"; };
		911AD52229E028CE005887FE /* CommandLineGame */ = {isa = PBXFileReference; explicitFileType = "compiled.mach-o.executable"; includeInIndex = 0; path = CommandLineGame; sourceTree = BUILT_PRODUCTS_DIR; };
/* End PBXFileReference section */

/* Begin PBXFrameworksBuildPhase section */
		911AD51F29E028CE005887FE /* Frameworks */ = {
			isa = PBXFrameworksBuildPhase;
			buildActionMask = 2147483647;
			files = (
			);
			runOnlyForDeploymentPostprocessing = 0;
		};
/* End PBXFrameworksBuildPhase section */

/* Begin PBXGroup section */
		91128DAA29E34F1D00C1652D /* CommandLineGame */ = {
			isa = PBXGroup;
			children = (
				91128DBC29E34F1D00C1652D /* main.swift */,
				91128DB529E34F1D00C1652D /* App */,
				91128DAB29E34F1D00C1652D /* Core */,
			);
			path = CommandLineGame;
			sourceTree = "<group>";
		};
		91128DAB29E34F1D00C1652D /* Core */ = {
			isa = PBXGroup;
			children = (
				91128DAC29E34F1D00C1652D /* Entity */,
				91128DB129E34F1D00C1652D /* Extention */,
				91128DB329E34F1D00C1652D /* ValueObjects */,
			);
			path = Core;
			sourceTree = "<group>";
		};
		91128DAC29E34F1D00C1652D /* Entity */ = {
			isa = PBXGroup;
			children = (
				91128DAD29E34F1D00C1652D /* MathGame.swift */,
				91128DAE29E34F1D00C1652D /* Game.swift */,
				91128DAF29E34F1D00C1652D /* BombGame.swift */,
				91128DB029E34F1D00C1652D /* FlagGame.swift */,
			);
			path = Entity;
			sourceTree = "<group>";
		};
		91128DB129E34F1D00C1652D /* Extention */ = {
			isa = PBXGroup;
			children = (
				91128DB229E34F1D00C1652D /* StringColorsAndStyles.swift */,
			);
			path = Extention;
			sourceTree = "<group>";
		};
		91128DB329E34F1D00C1652D /* ValueObjects */ = {
			isa = PBXGroup;
			children = (
				91128DB429E34F1D00C1652D /* GameColor.swift */,
			);
			path = ValueObjects;
			sourceTree = "<group>";
		};
		91128DB529E34F1D00C1652D /* App */ = {
			isa = PBXGroup;
			children = (
				91128DB629E34F1D00C1652D /* Controller */,
				91128DB829E34F1D00C1652D /* View */,
			);
			path = App;
			sourceTree = "<group>";
		};
		91128DB629E34F1D00C1652D /* Controller */ = {
			isa = PBXGroup;
			children = (
				91128DB729E34F1D00C1652D /* GameController.swift */,
			);
			path = Controller;
			sourceTree = "<group>";
		};
		91128DB829E34F1D00C1652D /* View */ = {
			isa = PBXGroup;
			children = (
				91128DB929E34F1D00C1652D /* ResultBuilder */,
				91128DBB29E34F1D00C1652D /* MessageView.swift */,
			);
			path = View;
			sourceTree = "<group>";
		};
		91128DB929E34F1D00C1652D /* ResultBuilder */ = {
			isa = PBXGroup;
			children = (
				91128DBA29E34F1D00C1652D /* PrintExpensiveString.swift */,
			);
			path = ResultBuilder;
			sourceTree = "<group>";
		};
		911AD51929E028CE005887FE = {
			isa = PBXGroup;
			children = (
				91128DAA29E34F1D00C1652D /* CommandLineGame */,
				911AD52329E028CE005887FE /* Products */,
			);
			sourceTree = "<group>";
		};
		911AD52329E028CE005887FE /* Products */ = {
			isa = PBXGroup;
			children = (
				911AD52229E028CE005887FE /* CommandLineGame */,
			);
			name = Products;
			sourceTree = "<group>";
		};
/* End PBXGroup section */

/* Begin PBXNativeTarget section */
		911AD52129E028CE005887FE /* CommandLineGame */ = {
			isa = PBXNativeTarget;
			buildConfigurationList = 911AD52929E028CE005887FE /* Build configuration list for PBXNativeTarget "CommandLineGame" */;
			buildPhases = (
				911AD51E29E028CE005887FE /* Sources */,
				911AD51F29E028CE005887FE /* Frameworks */,
				911AD52029E028CE005887FE /* CopyFiles */,
			);
			buildRules = (
			);
			dependencies = (
			);
			name = CommandLineGame;
			packageProductDependencies = (
			);
			productName = CommandLineGame;
			productReference = 911AD52229E028CE005887FE /* CommandLineGame */;
			productType = "com.apple.product-type.tool";
		};
/* End PBXNativeTarget section */

/* Begin PBXProject section */
		911AD51A29E028CE005887FE /* Project object */ = {
			isa = PBXProject;
			attributes = {
				BuildIndependentTargetsInParallel = 1;
				LastSwiftUpdateCheck = 1420;
				LastUpgradeCheck = 1420;
				TargetAttributes = {
					911AD52129E028CE005887FE = {
						CreatedOnToolsVersion = 14.2;
					};
				};
			};
			buildConfigurationList = 911AD51D29E028CE005887FE /* Build configuration list for PBXProject "CommandLineGame" */;
			compatibilityVersion = "Xcode 14.0";
			developmentRegion = en;
			hasScannedForEncodings = 0;
			knownRegions = (
				en,
				Base,
			);
			mainGroup = 911AD51929E028CE005887FE;
			packageReferences = (
			);
			productRefGroup = 911AD52329E028CE005887FE /* Products */;
			projectDirPath = "";
			projectRoot = "";
			targets = (
				911AD52129E028CE005887FE /* CommandLineGame */,
			);
		};
/* End PBXProject section */

/* Begin PBXSourcesBuildPhase section */
		911AD51E29E028CE005887FE /* Sources */ = {
			isa = PBXSourcesBuildPhase;
			buildActionMask = 2147483647;
			files = (
				91128DC429E34F1D00C1652D /* PrintExpensiveString.swift in Sources */,
				91128DBD29E34F1D00C1652D /* MathGame.swift in Sources */,
				91128DC229E34F1D00C1652D /* GameColor.swift in Sources */,
				91128DC529E34F1D00C1652D /* MessageView.swift in Sources */,
				91128DC129E34F1D00C1652D /* StringColorsAndStyles.swift in Sources */,
				91128DC029E34F1D00C1652D /* FlagGame.swift in Sources */,
				91128DC629E34F1D00C1652D /* main.swift in Sources */,
				91128DBE29E34F1D00C1652D /* Game.swift in Sources */,
				91128DBF29E34F1D00C1652D /* BombGame.swift in Sources */,
				91128DC329E34F1D00C1652D /* GameController.swift in Sources */,
			);
			runOnlyForDeploymentPostprocessing = 0;
		};
/* End PBXSourcesBuildPhase section */

/* Begin XCBuildConfiguration section */
		911AD52729E028CE005887FE /* Debug */ = {
			isa = XCBuildConfiguration;
			buildSettings = {
				ALWAYS_SEARCH_USER_PATHS = NO;
				CLANG_ANALYZER_NONNULL = YES;
				CLANG_ANALYZER_NUMBER_OBJECT_CONVERSION = YES_AGGRESSIVE;
				CLANG_CXX_LANGUAGE_STANDARD = "gnu++20";
				CLANG_ENABLE_MODULES = YES;
				CLANG_ENABLE_OBJC_ARC = YES;
				CLANG_ENABLE_OBJC_WEAK = YES;
				CLANG_WARN_BLOCK_CAPTURE_AUTORELEASING = YES;
				CLANG_WARN_BOOL_CONVERSION = YES;
				CLANG_WARN_COMMA = YES;
				CLANG_WARN_CONSTANT_CONVERSION = YES;
				CLANG_WARN_DEPRECATED_OBJC_IMPLEMENTATIONS = YES;
				CLANG_WARN_DIRECT_OBJC_ISA_USAGE = YES_ERROR;
				CLANG_WARN_DOCUMENTATION_COMMENTS = YES;
				CLANG_WARN_EMPTY_BODY = YES;
				CLANG_WARN_ENUM_CONVERSION = YES;
				CLANG_WARN_INFINITE_RECURSION = YES;
				CLANG_WARN_INT_CONVERSION = YES;
				CLANG_WARN_NON_LITERAL_NULL_CONVERSION = YES;
				CLANG_WARN_OBJC_IMPLICIT_RETAIN_SELF = YES;
				CLANG_WARN_OBJC_LITERAL_CONVERSION = YES;
				CLANG_WARN_OBJC_ROOT_CLASS = YES_ERROR;
				CLANG_WARN_QUOTED_INCLUDE_IN_FRAMEWORK_HEADER = YES;
				CLANG_WARN_RANGE_LOOP_ANALYSIS = YES;
				CLANG_WARN_STRICT_PROTOTYPES = YES;
				CLANG_WARN_SUSPICIOUS_MOVE = YES;
				CLANG_WARN_UNGUARDED_AVAILABILITY = YES_AGGRESSIVE;
				CLANG_WARN_UNREACHABLE_CODE = YES;
				CLANG_WARN__DUPLICATE_METHOD_MATCH = YES;
				COPY_PHASE_STRIP = NO;
				DEBUG_INFORMATION_FORMAT = dwarf;
				ENABLE_STRICT_OBJC_MSGSEND = YES;
				ENABLE_TESTABILITY = YES;
				GCC_C_LANGUAGE_STANDARD = gnu11;
				GCC_DYNAMIC_NO_PIC = NO;
				GCC_NO_COMMON_BLOCKS = YES;
				GCC_OPTIMIZATION_LEVEL = 0;
				GCC_PREPROCESSOR_DEFINITIONS = (
					"DEBUG=1",
					"$(inherited)",
				);
				GCC_WARN_64_TO_32_BIT_CONVERSION = YES;
				GCC_WARN_ABOUT_RETURN_TYPE = YES_ERROR;
				GCC_WARN_UNDECLARED_SELECTOR = YES;
				GCC_WARN_UNINITIALIZED_AUTOS = YES_AGGRESSIVE;
				GCC_WARN_UNUSED_FUNCTION = YES;
				GCC_WARN_UNUSED_VARIABLE = YES;
				MACOSX_DEPLOYMENT_TARGET = 13.1;
				MTL_ENABLE_DEBUG_INFO = INCLUDE_SOURCE;
				MTL_FAST_MATH = YES;
				ONLY_ACTIVE_ARCH = YES;
				SDKROOT = macosx;
				SWIFT_ACTIVE_COMPILATION_CONDITIONS = DEBUG;
				SWIFT_OPTIMIZATION_LEVEL = "-Onone";
			};
			name = Debug;
		};
		911AD52829E028CE005887FE /* Release */ = {
			isa = XCBuildConfiguration;
			buildSettings = {
				ALWAYS_SEARCH_USER_PATHS = NO;
				CLANG_ANALYZER_NONNULL = YES;
				CLANG_ANALYZER_NUMBER_OBJECT_CONVERSION = YES_AGGRESSIVE;
				CLANG_CXX_LANGUAGE_STANDARD = "gnu++20";
				CLANG_ENABLE_MODULES = YES;
				CLANG_ENABLE_OBJC_ARC = YES;
				CLANG_ENABLE_OBJC_WEAK = YES;
				CLANG_WARN_BLOCK_CAPTURE_AUTORELEASING = YES;
				CLANG_WARN_BOOL_CONVERSION = YES;
				CLANG_WARN_COMMA = YES;
				CLANG_WARN_CONSTANT_CONVERSION = YES;
				CLANG_WARN_DEPRECATED_OBJC_IMPLEMENTATIONS = YES;
				CLANG_WARN_DIRECT_OBJC_ISA_USAGE = YES_ERROR;
				CLANG_WARN_DOCUMENTATION_COMMENTS = YES;
				CLANG_WARN_EMPTY_BODY = YES;
				CLANG_WARN_ENUM_CONVERSION = YES;
				CLANG_WARN_INFINITE_RECURSION = YES;
				CLANG_WARN_INT_CONVERSION = YES;
				CLANG_WARN_NON_LITERAL_NULL_CONVERSION = YES;
				CLANG_WARN_OBJC_IMPLICIT_RETAIN_SELF = YES;
				CLANG_WARN_OBJC_LITERAL_CONVERSION = YES;
				CLANG_WARN_OBJC_ROOT_CLASS = YES_ERROR;
				CLANG_WARN_QUOTED_INCLUDE_IN_FRAMEWORK_HEADER = YES;
				CLANG_WARN_RANGE_LOOP_ANALYSIS = YES;
				CLANG_WARN_STRICT_PROTOTYPES = YES;
				CLANG_WARN_SUSPICIOUS_MOVE = YES;
				CLANG_WARN_UNGUARDED_AVAILABILITY = YES_AGGRESSIVE;
				CLANG_WARN_UNREACHABLE_CODE = YES;
				CLANG_WARN__DUPLICATE_METHOD_MATCH = YES;
				COPY_PHASE_STRIP = NO;
				DEBUG_INFORMATION_FORMAT = "dwarf-with-dsym";
				ENABLE_NS_ASSERTIONS = NO;
				ENABLE_STRICT_OBJC_MSGSEND = YES;
				GCC_C_LANGUAGE_STANDARD = gnu11;
				GCC_NO_COMMON_BLOCKS = YES;
				GCC_WARN_64_TO_32_BIT_CONVERSION = YES;
				GCC_WARN_ABOUT_RETURN_TYPE = YES_ERROR;
				GCC_WARN_UNDECLARED_SELECTOR = YES;
				GCC_WARN_UNINITIALIZED_AUTOS = YES_AGGRESSIVE;
				GCC_WARN_UNUSED_FUNCTION = YES;
				GCC_WARN_UNUSED_VARIABLE = YES;
				MACOSX_DEPLOYMENT_TARGET = 13.1;
				MTL_ENABLE_DEBUG_INFO = NO;
				MTL_FAST_MATH = YES;
				SDKROOT = macosx;
				SWIFT_COMPILATION_MODE = wholemodule;
				SWIFT_OPTIMIZATION_LEVEL = "-O";
			};
			name = Release;
		};
		911AD52A29E028CE005887FE /* Debug */ = {
			isa = XCBuildConfiguration;
			buildSettings = {
				CODE_SIGN_STYLE = Automatic;
				DEVELOPMENT_TEAM = X8S7NK9ZBV;
				ENABLE_HARDENED_RUNTIME = YES;
				PRODUCT_NAME = "$(TARGET_NAME)";
				SWIFT_VERSION = 5.0;
			};
			name = Debug;
		};
		911AD52B29E028CE005887FE /* Release */ = {
			isa = XCBuildConfiguration;
			buildSettings = {
				CODE_SIGN_STYLE = Automatic;
				DEVELOPMENT_TEAM = X8S7NK9ZBV;
				ENABLE_HARDENED_RUNTIME = YES;
				PRODUCT_NAME = "$(TARGET_NAME)";
				SWIFT_VERSION = 5.0;
			};
			name = Release;
		};
/* End XCBuildConfiguration section */

/* Begin XCConfigurationList section */
		911AD51D29E028CE005887FE /* Build configuration list for PBXProject "CommandLineGame" */ = {
			isa = XCConfigurationList;
			buildConfigurations = (
				911AD52729E028CE005887FE /* Debug */,
				911AD52829E028CE005887FE /* Release */,
			);
			defaultConfigurationIsVisible = 0;
			defaultConfigurationName = Release;
		};
		911AD52929E028CE005887FE /* Build configuration list for PBXNativeTarget "CommandLineGame" */ = {
			isa = XCConfigurationList;
			buildConfigurations = (
				911AD52A29E028CE005887FE /* Debug */,
				911AD52B29E028CE005887FE /* Release */,
			);
			defaultConfigurationIsVisible = 0;
			defaultConfigurationName = Release;
		};
/* End XCConfigurationList section */
	};
	rootObject = 911AD51A29E028CE005887FE /* Project object */;
}
